
Microsoft Visual Studio Solution File, Format Version 12.00
# Visual Studio Version 17
VisualStudioVersion = 17.1.32421.90
MinimumVisualStudioVersion = 10.0.40219.1
Project("{9A19103F-16F7-4668-BE54-9A1E7A4F7556}") = "EventsWebApp", "EventsWebApp\EventsWebApp.csproj", "{4D023AF8-112B-490C-A83C-B436AC14FB06}"
EndProject
Project("{FAE04EC0-301F-11D3-BF4B-00C04F79EFBC}") = "Events.Model", "Events.Model\Events.Model.csproj", "{8C870D7E-A69A-4405-8DB9-3054B97103F0}"
EndProject
Project("{FAE04EC0-301F-11D3-BF4B-00C04F79EFBC}") = "Events.Common", "Events.Common\Events.Common.csproj", "{70D8A1BE-6DDB-47A0-9148-ECB98980C8B8}"
EndProject
Project("{FAE04EC0-301F-11D3-BF4B-00C04F79EFBC}") = "Events.Infrastructure", "Events.Infrastructure\Events.Infrastructure.csproj", "{56FFB9B1-D931-4366-8AC2-86D8A5462047}"
EndProject
Project("{FAE04EC0-301F-11D3-BF4B-00C04F79EFBC}") = "Events.Services", "Events.Services\Events.Services.csproj", "{3E773D2A-5B65-462B-9FE2-7D532BEFC9BB}"
EndProject
Global
	GlobalSection(SolutionConfigurationPlatforms) = preSolution
		Debug|Any CPU = Debug|Any CPU
		Release|Any CPU = Release|Any CPU
	EndGlobalSection
	GlobalSection(ProjectConfigurationPlatforms) = postSolution
		{4D023AF8-112B-490C-A83C-B436AC14FB06}.Debug|Any CPU.ActiveCfg = Debug|Any CPU
		{4D023AF8-112B-490C-A83C-B436AC14FB06}.Debug|Any CPU.Build.0 = Debug|Any CPU
		{4D023AF8-112B-490C-A83C-B436AC14FB06}.Release|Any CPU.ActiveCfg = Release|Any CPU
		{4D023AF8-112B-490C-A83C-B436AC14FB06}.Release|Any CPU.Build.0 = Release|Any CPU
		{8C870D7E-A69A-4405-8DB9-3054B97103F0}.Debug|Any CPU.ActiveCfg = Debug|Any CPU
		{8C870D7E-A69A-4405-8DB9-3054B97103F0}.Debug|Any CPU.Build.0 = Debug|Any CPU
		{8C870D7E-A69A-4405-8DB9-3054B97103F0}.Release|Any CPU.ActiveCfg = Release|Any CPU
		{8C870D7E-A69A-4405-8DB9-3054B97103F0}.Release|Any CPU.Build.0 = Release|Any CPU
		{70D8A1BE-6DDB-47A0-9148-ECB98980C8B8}.Debug|Any CPU.ActiveCfg = Debug|Any CPU
		{70D8A1BE-6DDB-47A0-9148-ECB98980C8B8}.Debug|Any CPU.Build.0 = Debug|Any CPU
		{70D8A1BE-6DDB-47A0-9148-ECB98980C8B8}.Release|Any CPU.ActiveCfg = Release|Any CPU
		{70D8A1BE-6DDB-47A0-9148-ECB98980C8B8}.Release|Any CPU.Build.0 = Release|Any CPU
		{56FFB9B1-D931-4366-8AC2-86D8A5462047}.Debug|Any CPU.ActiveCfg = Debug|Any CPU
		{56FFB9B1-D931-4366-8AC2-86D8A5462047}.Debug|Any CPU.Build.0 = Debug|Any CPU
		{56FFB9B1-D931-4366-8AC2-86D8A5462047}.Release|Any CPU.ActiveCfg = Release|Any CPU
		{56FFB9B1-D931-4366-8AC2-86D8A5462047}.Release|Any CPU.Build.0 = Release|Any CPU
		{3E773D2A-5B65-462B-9FE2-7D532BEFC9BB}.Debug|Any CPU.ActiveCfg = Debug|Any CPU
		{3E773D2A-5B65-462B-9FE2-7D532BEFC9BB}.Debug|Any CPU.Build.0 = Debug|Any CPU
		{3E773D2A-5B65-462B-9FE2-7D532BEFC9BB}.Release|Any CPU.ActiveCfg = Release|Any CPU
		{3E773D2A-5B65-462B-9FE2-7D532BEFC9BB}.Release|Any CPU.Build.0 = Release|Any CPU
	EndGlobalSection
	GlobalSection(SolutionProperties) = preSolution
		HideSolutionNode = FALSE
	EndGlobalSection
	GlobalSection(ExtensibilityGlobals) = postSolution
		SolutionGuid = {C2B0CEC6-DC1C-458C-848E-8B13AFC849B2}
	EndGlobalSection
EndGlobal
